
Microsoft Visual Studio Solution File, Format Version 12.00
# Visual Studio Version 17
VisualStudioVersion = 17.6.33723.286
MinimumVisualStudioVersion = 10.0.40219.1
Project("{FAE04EC0-301F-11D3-BF4B-00C04F79EFBC}") = "DAMH_02", "DAMH_02\DAMH_02.csproj", "{3B680272-029D-43EB-A0AE-580DFACA88F2}"
EndProject
Global
	GlobalSection(SolutionConfigurationPlatforms) = preSolution
		Debug|Any CPU = Debug|Any CPU
		Release|Any CPU = Release|Any CPU
	EndGlobalSection
	GlobalSection(ProjectConfigurationPlatforms) = postSolution
		{3B680272-029D-43EB-A0AE-580DFACA88F2}.Debug|Any CPU.ActiveCfg = Debug|Any CPU
		{3B680272-029D-43EB-A0AE-580DFACA88F2}.Debug|Any CPU.Build.0 = Debug|Any CPU
		{3B680272-029D-43EB-A0AE-580DFACA88F2}.Release|Any CPU.ActiveCfg = Release|Any CPU
		{3B680272-029D-43EB-A0AE-580DFACA88F2}.Release|Any CPU.Build.0 = Release|Any CPU
	EndGlobalSection
	GlobalSection(SolutionProperties) = preSolution
		HideSolutionNode = FALSE
	EndGlobalSection
	GlobalSection(ExtensibilityGlobals) = postSolution
		SolutionGuid = {4ED1D4C8-CF34-47A4-B510-270FF2040C87}
	EndGlobalSection
EndGlobal
